
Microsoft Visual Studio Solution File, Format Version 12.00
# Visual Studio Version 17
VisualStudioVersion = 17.14.36811.4 d17.14
MinimumVisualStudioVersion = 10.0.40219.1
Project("{FAE04EC0-301F-11D3-BF4B-00C04F79EFBC}") = "WindowsFormsApp1", "WindowsFormsApp1\WindowsFormsApp1.csproj", "{0CF6F08C-F207-4F44-A059-782F73AAF464}"
EndProject
Global
	GlobalSection(SolutionConfigurationPlatforms) = preSolution
		Debug|Any CPU = Debug|Any CPU
		Release|Any CPU = Release|Any CPU
	EndGlobalSection
	GlobalSection(ProjectConfigurationPlatforms) = postSolution
		{0CF6F08C-F207-4F44-A059-782F73AAF464}.Debug|Any CPU.ActiveCfg = Debug|Any CPU
		{0CF6F08C-F207-4F44-A059-782F73AAF464}.Debug|Any CPU.Build.0 = Debug|Any CPU
		{0CF6F08C-F207-4F44-A059-782F73AAF464}.Release|Any CPU.ActiveCfg = Release|Any CPU
		{0CF6F08C-F207-4F44-A059-782F73AAF464}.Release|Any CPU.Build.0 = Release|Any CPU
	EndGlobalSection
	GlobalSection(SolutionProperties) = preSolution
		HideSolutionNode = FALSE
	EndGlobalSection
	GlobalSection(ExtensibilityGlobals) = postSolution
		SolutionGuid = {219AF5ED-BCEA-48E5-B19B-42BADF5DF08C}
	EndGlobalSection
EndGlobal
